
Microsoft Visual Studio Solution File, Format Version 12.00
# Visual Studio Version 17
VisualStudioVersion = 17.6.33815.320
MinimumVisualStudioVersion = 10.0.40219.1
Project("{FAE04EC0-301F-11D3-BF4B-00C04F79EFBC}") = "BankingApp", "BankingApp\BankingApp.csproj", "{484E1F3D-7D9B-4B70-A7EA-0084B010B9C2}"
EndProject
Global
	GlobalSection(SolutionConfigurationPlatforms) = preSolution
		Debug|Any CPU = Debug|Any CPU
		Release|Any CPU = Release|Any CPU
	EndGlobalSection
	GlobalSection(ProjectConfigurationPlatforms) = postSolution
		{484E1F3D-7D9B-4B70-A7EA-0084B010B9C2}.Debug|Any CPU.ActiveCfg = Debug|Any CPU
		{484E1F3D-7D9B-4B70-A7EA-0084B010B9C2}.Debug|Any CPU.Build.0 = Debug|Any CPU
		{484E1F3D-7D9B-4B70-A7EA-0084B010B9C2}.Release|Any CPU.ActiveCfg = Release|Any CPU
		{484E1F3D-7D9B-4B70-A7EA-0084B010B9C2}.Release|Any CPU.Build.0 = Release|Any CPU
	EndGlobalSection
	GlobalSection(SolutionProperties) = preSolution
		HideSolutionNode = FALSE
	EndGlobalSection
	GlobalSection(ExtensibilityGlobals) = postSolution
		SolutionGuid = {05A51D43-D2F8-43B6-9EF6-89DD63905162}
	EndGlobalSection
EndGlobal
